
Microsoft Visual Studio Solution File, Format Version 12.00
# Visual Studio Version 16
VisualStudioVersion = 16.0.29411.108
MinimumVisualStudioVersion = 10.0.40219.1
Project("{FAE04EC0-301F-11D3-BF4B-00C04F79EFBC}") = "Empleados", "Empleados\Empleados.csproj", "{B20A6119-AB41-49AD-B61D-68D4274D84A7}"
EndProject
Global
	GlobalSection(SolutionConfigurationPlatforms) = preSolution
		Debug|Any CPU = Debug|Any CPU
		Release|Any CPU = Release|Any CPU
	EndGlobalSection
	GlobalSection(ProjectConfigurationPlatforms) = postSolution
		{B20A6119-AB41-49AD-B61D-68D4274D84A7}.Debug|Any CPU.ActiveCfg = Debug|Any CPU
		{B20A6119-AB41-49AD-B61D-68D4274D84A7}.Debug|Any CPU.Build.0 = Debug|Any CPU
		{B20A6119-AB41-49AD-B61D-68D4274D84A7}.Release|Any CPU.ActiveCfg = Release|Any CPU
		{B20A6119-AB41-49AD-B61D-68D4274D84A7}.Release|Any CPU.Build.0 = Release|Any CPU
	EndGlobalSection
	GlobalSection(SolutionProperties) = preSolution
		HideSolutionNode = FALSE
	EndGlobalSection
	GlobalSection(ExtensibilityGlobals) = postSolution
		SolutionGuid = {4CEE031B-0843-460E-AE66-A1B5626B463D}
	EndGlobalSection
EndGlobal
